// !$*UTF8*$!
{
	archiveVersion = 1;
	classes = {
	};
	objectVersion = 50;
	objects = {

/* Begin PBXBuildFile section */
		F383B2CA225A090700F9B5D2 /* AppDelegate.swift in Sources */ = {isa = PBXBuildFile; fileRef = F383B2C9225A090700F9B5D2 /* AppDelegate.swift */; };
		F383B2CC225A090700F9B5D2 /* ViewController.swift in Sources */ = {isa = PBXBuildFile; fileRef = F383B2CB225A090700F9B5D2 /* ViewController.swift */; };
		F383B2CF225A090700F9B5D2 /* Main.storyboard in Resources */ = {isa = PBXBuildFile; fileRef = F383B2CD225A090700F9B5D2 /* Main.storyboard */; };
		F383B2D1225A090800F9B5D2 /* Assets.xcassets in Resources */ = {isa = PBXBuildFile; fileRef = F383B2D0225A090800F9B5D2 /* Assets.xcassets */; };
		F383B2D4225A090800F9B5D2 /* LaunchScreen.storyboard in Resources */ = {isa = PBXBuildFile; fileRef = F383B2D2225A090800F9B5D2 /* LaunchScreen.storyboard */; };
		F383B2DC225A0C1100F9B5D2 /* FormViewController.swift in Sources */ = {isa = PBXBuildFile; fileRef = F383B2DB225A0C1100F9B5D2 /* FormViewController.swift */; };
/* End PBXBuildFile section */

/* Begin PBXFileReference section */
		F383B2C6225A090700F9B5D2 /* SubmitValue-Back.app */ = {isa = PBXFileReference; explicitFileType = wrapper.application; includeInIndex = 0; path = "SubmitValue-Back.app"; sourceTree = BUILT_PRODUCTS_DIR; };
		F383B2C9225A090700F9B5D2 /* AppDelegate.swift */ = {isa = PBXFileReference; lastKnownFileType = sourcecode.swift; path = AppDelegate.swift; sourceTree = "<group>"; };
		F383B2CB225A090700F9B5D2 /* ViewController.swift */ = {isa = PBXFileReference; lastKnownFileType = sourcecode.swift; path = ViewController.swift; sourceTree = "<group>"; };
		F383B2CE225A090700F9B5D2 /* Base */ = {isa = PBXFileReference; lastKnownFileType = file.storyboard; name = Base; path = Base.lproj/Main.storyboard; sourceTree = "<group>"; };
		F383B2D0225A090800F9B5D2 /* Assets.xcassets */ = {isa = PBXFileReference; lastKnownFileType = folder.assetcatalog; path = Assets.xcassets; sourceTree = "<group>"; };
		F383B2D3225A090800F9B5D2 /* Base */ = {isa = PBXFileReference; lastKnownFileType = file.storyboard; name = Base; path = Base.lproj/LaunchScreen.storyboard; sourceTree = "<group>"; };
		F383B2D5225A090800F9B5D2 /* Info.plist */ = {isa = PBXFileReference; lastKnownFileType = text.plist.xml; path = Info.plist; sourceTree = "<group>"; };
		F383B2DB225A0C1100F9B5D2 /* FormViewController.swift */ = {isa = PBXFileReference; lastKnownFileType = sourcecode.swift; path = FormViewController.swift; sourceTree = "<group>"; };
/* End PBXFileReference section */

/* Begin PBXFrameworksBuildPhase section */
		F383B2C3225A090700F9B5D2 /* Frameworks */ = {
			isa = PBXFrameworksBuildPhase;
			buildActionMask = 2147483647;
			files = (
			);
			runOnlyForDeploymentPostprocessing = 0;
		};
/* End PBXFrameworksBuildPhase section */

/* Begin PBXGroup section */
		F383B2BD225A090700F9B5D2 = {
			isa = PBXGroup;
			children = (
				F383B2C8225A090700F9B5D2 /* SubmitValue-Back */,
				F383B2C7225A090700F9B5D2 /* Products */,
			);
			sourceTree = "<group>";
		};
		F383B2C7225A090700F9B5D2 /* Products */ = {
			isa = PBXGroup;
			children = (
				F383B2C6225A090700F9B5D2 /* SubmitValue-Back.app */,
			);
			name = Products;
			sourceTree = "<group>";
		};
		F383B2C8225A090700F9B5D2 /* SubmitValue-Back */ = {
			isa = PBXGroup;
			children = (
				F383B2C9225A090700F9B5D2 /* AppDelegate.swift */,
				F383B2CB225A090700F9B5D2 /* ViewController.swift */,
				F383B2CD225A090700F9B5D2 /* Main.storyboard */,
				F383B2DB225A0C1100F9B5D2 /* FormViewController.swift */,
				F383B2D0225A090800F9B5D2 /* Assets.xcassets */,
				F383B2D2225A090800F9B5D2 /* LaunchScreen.storyboard */,
				F383B2D5225A090800F9B5D2 /* Info.plist */,
			);
			path = "SubmitValue-Back";
			sourceTree = "<group>";
		};
/* End PBXGroup section */

/* Begin PBXNativeTarget section */
		F383B2C5225A090700F9B5D2 /* SubmitValue-Back */ = {
			isa = PBXNativeTarget;
			buildConfigurationList = F383B2D8225A090800F9B5D2 /* Build configuration list for PBXNativeTarget "SubmitValue-Back" */;
			buildPhases = (
				F383B2C2225A090700F9B5D2 /* Sources */,
				F383B2C3225A090700F9B5D2 /* Frameworks */,
				F383B2C4225A090700F9B5D2 /* Resources */,
			);
			buildRules = (
			);
			dependencies = (
			);
			name = "SubmitValue-Back";
			productName = "SubmitValue-Back";
			productReference = F383B2C6225A090700F9B5D2 /* SubmitValue-Back.app */;
			productType = "com.apple.product-type.application";
		};
/* End PBXNativeTarget section */

/* Begin PBXProject section */
		F383B2BE225A090700F9B5D2 /* Project object */ = {
			isa = PBXProject;
			attributes = {
				LastSwiftUpdateCheck = 1020;
				LastUpgradeCheck = 1020;
				ORGANIZATIONNAME = "Chunsu Kim";
				TargetAttributes = {
					F383B2C5225A090700F9B5D2 = {
						CreatedOnToolsVersion = 10.2;
					};
				};
			};
			buildConfigurationList = F383B2C1225A090700F9B5D2 /* Build configuration list for PBXProject "SubmitValue-Back" */;
			compatibilityVersion = "Xcode 9.3";
			developmentRegion = en;
			hasScannedForEncodings = 0;
			knownRegions = (
				en,
				Base,
			);
			mainGroup = F383B2BD225A090700F9B5D2;
			productRefGroup = F383B2C7225A090700F9B5D2 /* Products */;
			projectDirPath = "";
			projectRoot = "";
			targets = (
				F383B2C5225A090700F9B5D2 /* SubmitValue-Back */,
			);
		};
/* End PBXProject section */

/* Begin PBXResourcesBuildPhase section */
		F383B2C4225A090700F9B5D2 /* Resources */ = {
			isa = PBXResourcesBuildPhase;
			buildActionMask = 2147483647;
			files = (
				F383B2D4225A090800F9B5D2 /* LaunchScreen.storyboard in Resources */,
				F383B2D1225A090800F9B5D2 /* Assets.xcassets in Resources */,
				F383B2CF225A090700F9B5D2 /* Main.storyboard in Resources */,
			);
			runOnlyForDeploymentPostprocessing = 0;
		};
/* End PBXResourcesBuildPhase section */

/* Begin PBXSourcesBuildPhase section */
		F383B2C2225A090700F9B5D2 /* Sources */ = {
			isa = PBXSourcesBuildPhase;
			buildActionMask = 2147483647;
			files = (
				F383B2DC225A0C1100F9B5D2 /* FormViewController.swift in Sources */,
				F383B2CC225A090700F9B5D2 /* ViewController.swift in Sources */,
				F383B2CA225A090700F9B5D2 /* AppDelegate.swift in Sources */,
			);
			runOnlyForDeploymentPostprocessing = 0;
		};
/* End PBXSourcesBuildPhase section */

/* Begin PBXVariantGroup section */
		F383B2CD225A090700F9B5D2 /* Main.storyboard */ = {
			isa = PBXVariantGroup;
			children = (
				F383B2CE225A090700F9B5D2 /* Base */,
			);
			name = Main.storyboard;
			sourceTree = "<group>";
		};
		F383B2D2225A090800F9B5D2 /* LaunchScreen.storyboard */ = {
			isa = PBXVariantGroup;
			children = (
				F383B2D3225A090800F9B5D2 /* Base */,
			);
			name = LaunchScreen.storyboard;
			sourceTree = "<group>";
		};
/* End PBXVariantGroup section */

/* Begin XCBuildConfiguration section */
		F383B2D6225A090800F9B5D2 /* Debug */ = {
			isa = XCBuildConfiguration;
			buildSettings = {
				ALWAYS_SEARCH_USER_PATHS = NO;
				CLANG_ANALYZER_NONNULL = YES;
				CLANG_ANALYZER_NUMBER_OBJECT_CONVERSION = YES_AGGRESSIVE;
				CLANG_CXX_LANGUAGE_STANDARD = "gnu++14";
				CLANG_CXX_LIBRARY = "libc++";
				CLANG_ENABLE_MODULES = YES;
				CLANG_ENABLE_OBJC_ARC = YES;
				CLANG_ENABLE_OBJC_WEAK = YES;
				CLANG_WARN_BLOCK_CAPTURE_AUTORELEASING = YES;
				CLANG_WARN_BOOL_CONVERSION = YES;
				CLANG_WARN_COMMA = YES;
				CLANG_WARN_CONSTANT_CONVERSION = YES;
				CLANG_WARN_DEPRECATED_OBJC_IMPLEMENTATIONS = YES;
				CLANG_WARN_DIRECT_OBJC_ISA_USAGE = YES_ERROR;
				CLANG_WARN_DOCUMENTATION_COMMENTS = YES;
				CLANG_WARN_EMPTY_BODY = YES;
				CLANG_WARN_ENUM_CONVERSION = YES;
				CLANG_WARN_INFINITE_RECURSION = YES;
				CLANG_WARN_INT_CONVERSION = YES;
				CLANG_WARN_NON_LITERAL_NULL_CONVERSION = YES;
				CLANG_WARN_OBJC_IMPLICIT_RETAIN_SELF = YES;
				CLANG_WARN_OBJC_LITERAL_CONVERSION = YES;
				CLANG_WARN_OBJC_ROOT_CLASS = YES_ERROR;
				CLANG_WARN_RANGE_LOOP_ANALYSIS = YES;
				CLANG_WARN_STRICT_PROTOTYPES = YES;
				CLANG_WARN_SUSPICIOUS_MOVE = YES;
				CLANG_WARN_UNGUARDED_AVAILABILITY = YES_AGGRESSIVE;
				CLANG_WARN_UNREACHABLE_CODE = YES;
				CLANG_WARN__DUPLICATE_METHOD_MATCH = YES;
				CODE_SIGN_IDENTITY = "iPhone Developer";
				COPY_PHASE_STRIP = NO;
				DEBUG_INFORMATION_FORMAT = dwarf;
				ENABLE_STRICT_OBJC_MSGSEND = YES;
				ENABLE_TESTABILITY = YES;
				GCC_C_LANGUAGE_STANDARD = gnu11;
				GCC_DYNAMIC_NO_PIC = NO;
				GCC_NO_COMMON_BLOCKS = YES;
				GCC_OPTIMIZATION_LEVEL = 0;
				GCC_PREPROCESSOR_DEFINITIONS = (
					"DEBUG=1",
					"$(inherited)",
				);
				GCC_WARN_64_TO_32_BIT_CONVERSION = YES;
				GCC_WARN_ABOUT_RETURN_TYPE = YES_ERROR;
				GCC_WARN_UNDECLARED_SELECTOR = YES;
				GCC_WARN_UNINITIALIZED_AUTOS = YES_AGGRESSIVE;
				GCC_WARN_UNUSED_FUNCTION = YES;
				GCC_WARN_UNUSED_VARIABLE = YES;
				IPHONEOS_DEPLOYMENT_TARGET = 12.2;
				MTL_ENABLE_DEBUG_INFO = INCLUDE_SOURCE;
				MTL_FAST_MATH = YES;
				ONLY_ACTIVE_ARCH = YES;
				SDKROOT = iphoneos;
				SWIFT_ACTIVE_COMPILATION_CONDITIONS = DEBUG;
				SWIFT_OPTIMIZATION_LEVEL = "-Onone";
			};
			name = Debug;
		};
		F383B2D7225A090800F9B5D2 /* Release */ = {
			isa = XCBuildConfiguration;
			buildSettings = {
				ALWAYS_SEARCH_USER_PATHS = NO;
				CLANG_ANALYZER_NONNULL = YES;
				CLANG_ANALYZER_NUMBER_OBJECT_CONVERSION = YES_AGGRESSIVE;
				CLANG_CXX_LANGUAGE_STANDARD = "gnu++14";
				CLANG_CXX_LIBRARY = "libc++";
				CLANG_ENABLE_MODULES = YES;
				CLANG_ENABLE_OBJC_ARC = YES;
				CLANG_ENABLE_OBJC_WEAK = YES;
				CLANG_WARN_BLOCK_CAPTURE_AUTORELEASING = YES;
				CLANG_WARN_BOOL_CONVERSION = YES;
				CLANG_WARN_COMMA = YES;
				CLANG_WARN_CONSTANT_CONVERSION = YES;
				CLANG_WARN_DEPRECATED_OBJC_IMPLEMENTATIONS = YES;
				CLANG_WARN_DIRECT_OBJC_ISA_USAGE = YES_ERROR;
				CLANG_WARN_DOCUMENTATION_COMMENTS = YES;
				CLANG_WARN_EMPTY_BODY = YES;
				CLANG_WARN_ENUM_CONVERSION = YES;
				CLANG_WARN_INFINITE_RECURSION = YES;
				CLANG_WARN_INT_CONVERSION = YES;
				CLANG_WARN_NON_LITERAL_NULL_CONVERSION = YES;
				CLANG_WARN_OBJC_IMPLICIT_RETAIN_SELF = YES;
				CLANG_WARN_OBJC_LITERAL_CONVERSION = YES;
				CLANG_WARN_OBJC_ROOT_CLASS = YES_ERROR;
				CLANG_WARN_RANGE_LOOP_ANALYSIS = YES;
				CLANG_WARN_STRICT_PROTOTYPES = YES;
				CLANG_WARN_SUSPICIOUS_MOVE = YES;
				CLANG_WARN_UNGUARDED_AVAILABILITY = YES_AGGRESSIVE;
				CLANG_WARN_UNREACHABLE_CODE = YES;
				CLANG_WARN__DUPLICATE_METHOD_MATCH = YES;
				CODE_SIGN_IDENTITY = "iPhone Developer";
				COPY_PHASE_STRIP = NO;
				DEBUG_INFORMATION_FORMAT = "dwarf-with-dsym";
				ENABLE_NS_ASSERTIONS = NO;
				ENABLE_STRICT_OBJC_MSGSEND = YES;
				GCC_C_LANGUAGE_STANDARD = gnu11;
				GCC_NO_COMMON_BLOCKS = YES;
				GCC_WARN_64_TO_32_BIT_CONVERSION = YES;
				GCC_WARN_ABOUT_RETURN_TYPE = YES_ERROR;
				GCC_WARN_UNDECLARED_SELECTOR = YES;
				GCC_WARN_UNINITIALIZED_AUTOS = YES_AGGRESSIVE;
				GCC_WARN_UNUSED_FUNCTION = YES;
				GCC_WARN_UNUSED_VARIABLE = YES;
				IPHONEOS_DEPLOYMENT_TARGET = 12.2;
				MTL_ENABLE_DEBUG_INFO = NO;
				MTL_FAST_MATH = YES;
				SDKROOT = iphoneos;
				SWIFT_COMPILATION_MODE = wholemodule;
				SWIFT_OPTIMIZATION_LEVEL = "-O";
				VALIDATE_PRODUCT = YES;
			};
			name = Release;
		};
		F383B2D9225A090800F9B5D2 /* Debug */ = {
			isa = XCBuildConfiguration;
			buildSettings = {
				ASSETCATALOG_COMPILER_APPICON_NAME = AppIcon;
				CODE_SIGN_STYLE = Automatic;
				INFOPLIST_FILE = "SubmitValue-Back/Info.plist";
				LD_RUNPATH_SEARCH_PATHS = (
					"$(inherited)",
					"@executable_path/Frameworks",
				);
				PRODUCT_BUNDLE_IDENTIFIER = "kr.chunsukim.SubmitValue-Back";
				PRODUCT_NAME = "$(TARGET_NAME)";
				SWIFT_VERSION = 5.0;
				TARGETED_DEVICE_FAMILY = "1,2";
			};
			name = Debug;
		};
		F383B2DA225A090800F9B5D2 /* Release */ = {
			isa = XCBuildConfiguration;
			buildSettings = {
				ASSETCATALOG_COMPILER_APPICON_NAME = AppIcon;
				CODE_SIGN_STYLE = Automatic;
				INFOPLIST_FILE = "SubmitValue-Back/Info.plist";
				LD_RUNPATH_SEARCH_PATHS = (
					"$(inherited)",
					"@executable_path/Frameworks",
				);
				PRODUCT_BUNDLE_IDENTIFIER = "kr.chunsukim.SubmitValue-Back";
				PRODUCT_NAME = "$(TARGET_NAME)";
				SWIFT_VERSION = 5.0;
				TARGETED_DEVICE_FAMILY = "1,2";
			};
			name = Release;
		};
/* End XCBuildConfiguration section */

/* Begin XCConfigurationList section */
		F383B2C1225A090700F9B5D2 /* Build configuration list for PBXProject "SubmitValue-Back" */ = {
			isa = XCConfigurationList;
			buildConfigurations = (
				F383B2D6225A090800F9B5D2 /* Debug */,
				F383B2D7225A090800F9B5D2 /* Release */,
			);
			defaultConfigurationIsVisible = 0;
			defaultConfigurationName = Release;
		};
		F383B2D8225A090800F9B5D2 /* Build configuration list for PBXNativeTarget "SubmitValue-Back" */ = {
			isa = XCConfigurationList;
			buildConfigurations = (
				F383B2D9225A090800F9B5D2 /* Debug */,
				F383B2DA225A090800F9B5D2 /* Release */,
			);
			defaultConfigurationIsVisible = 0;
			defaultConfigurationName = Release;
		};
/* End XCConfigurationList section */
	};
	rootObject = F383B2BE225A090700F9B5D2 /* Project object */;
}
